
Microsoft Visual Studio Solution File, Format Version 12.00
# Visual Studio Version 16
VisualStudioVersion = 16.0.31702.278
MinimumVisualStudioVersion = 10.0.40219.1
Project("{FAE04EC0-301F-11D3-BF4B-00C04F79EFBC}") = "Harjoitus 6 Eläin", "Harjoitus 6 Eläin.csproj", "{D12B72CD-910F-4CB4-A50B-C06797370AE1}"
EndProject
Global
	GlobalSection(SolutionConfigurationPlatforms) = preSolution
		Debug|Any CPU = Debug|Any CPU
		Release|Any CPU = Release|Any CPU
	EndGlobalSection
	GlobalSection(ProjectConfigurationPlatforms) = postSolution
		{D12B72CD-910F-4CB4-A50B-C06797370AE1}.Debug|Any CPU.ActiveCfg = Debug|Any CPU
		{D12B72CD-910F-4CB4-A50B-C06797370AE1}.Debug|Any CPU.Build.0 = Debug|Any CPU
		{D12B72CD-910F-4CB4-A50B-C06797370AE1}.Release|Any CPU.ActiveCfg = Release|Any CPU
		{D12B72CD-910F-4CB4-A50B-C06797370AE1}.Release|Any CPU.Build.0 = Release|Any CPU
	EndGlobalSection
	GlobalSection(SolutionProperties) = preSolution
		HideSolutionNode = FALSE
	EndGlobalSection
	GlobalSection(ExtensibilityGlobals) = postSolution
		SolutionGuid = {A901A05F-12DF-4205-ACCC-0DF4744223DF}
	EndGlobalSection
EndGlobal
